Microsoft Visual Studio Solution File, Format Version 12.00
# Visual Studio Version 17
VisualStudioVersion = 17.5.2.0
MinimumVisualStudioVersion = 10.0.40219.1
Project("{FAE04EC0-301F-11D3-BF4B-00C04F79EFBC}") = "HomeChefHub", "HomeChefHub.csproj", "{921A2481-FDEF-E608-0F7C-4297C3D8DDA3}"
EndProject
Global
	GlobalSection(SolutionConfigurationPlatforms) = preSolution
		Debug|Any CPU = Debug|Any CPU
		Release|Any CPU = Release|Any CPU
	EndGlobalSection
	GlobalSection(ProjectConfigurationPlatforms) = postSolution
		{921A2481-FDEF-E608-0F7C-4297C3D8DDA3}.Debug|Any CPU.ActiveCfg = Debug|Any CPU
		{921A2481-FDEF-E608-0F7C-4297C3D8DDA3}.Debug|Any CPU.Build.0 = Debug|Any CPU
		{921A2481-FDEF-E608-0F7C-4297C3D8DDA3}.Release|Any CPU.ActiveCfg = Release|Any CPU
		{921A2481-FDEF-E608-0F7C-4297C3D8DDA3}.Release|Any CPU.Build.0 = Release|Any CPU
	EndGlobalSection
	GlobalSection(SolutionProperties) = preSolution
		HideSolutionNode = FALSE
	EndGlobalSection
	GlobalSection(ExtensibilityGlobals) = postSolution
		SolutionGuid = {8A21FADA-4155-4D6F-A508-5C6536BF7B27}
	EndGlobalSection
EndGlobal
